
Microsoft Visual Studio Solution File, Format Version 12.00
# Visual Studio Version 17
VisualStudioVersion = 17.9.34622.214
MinimumVisualStudioVersion = 10.0.40219.1
Project("{9A19103F-16F7-4668-BE54-9A1E7A4F7556}") = "byte-gaming", "byte-gaming\byte-gaming.csproj", "{B1349FCF-D413-4E3B-BC9A-8B9BD37D1EA5}"
EndProject
Project("{FAE04EC0-301F-11D3-BF4B-00C04F79EFBC}") = "DAL", "DAL\DAL.csproj", "{09499193-C802-4C8B-9A07-9C7BD4F109F1}"
EndProject
Project("{FAE04EC0-301F-11D3-BF4B-00C04F79EFBC}") = "BLL", "BLL\BLL.csproj", "{7EE1709B-2AF1-4C91-923A-6CE828A8F506}"
EndProject
Project("{FAE04EC0-301F-11D3-BF4B-00C04F79EFBC}") = "Entities", "Entities\Entities.csproj", "{00089050-3B4A-40FC-95BA-0C420270CDF9}"
EndProject
Global
	GlobalSection(SolutionConfigurationPlatforms) = preSolution
		Debug|Any CPU = Debug|Any CPU
		Release|Any CPU = Release|Any CPU
	EndGlobalSection
	GlobalSection(ProjectConfigurationPlatforms) = postSolution
		{B1349FCF-D413-4E3B-BC9A-8B9BD37D1EA5}.Debug|Any CPU.ActiveCfg = Debug|Any CPU
		{B1349FCF-D413-4E3B-BC9A-8B9BD37D1EA5}.Debug|Any CPU.Build.0 = Debug|Any CPU
		{B1349FCF-D413-4E3B-BC9A-8B9BD37D1EA5}.Release|Any CPU.ActiveCfg = Release|Any CPU
		{B1349FCF-D413-4E3B-BC9A-8B9BD37D1EA5}.Release|Any CPU.Build.0 = Release|Any CPU
		{09499193-C802-4C8B-9A07-9C7BD4F109F1}.Debug|Any CPU.ActiveCfg = Debug|Any CPU
		{09499193-C802-4C8B-9A07-9C7BD4F109F1}.Debug|Any CPU.Build.0 = Debug|Any CPU
		{09499193-C802-4C8B-9A07-9C7BD4F109F1}.Release|Any CPU.ActiveCfg = Release|Any CPU
		{09499193-C802-4C8B-9A07-9C7BD4F109F1}.Release|Any CPU.Build.0 = Release|Any CPU
		{7EE1709B-2AF1-4C91-923A-6CE828A8F506}.Debug|Any CPU.ActiveCfg = Debug|Any CPU
		{7EE1709B-2AF1-4C91-923A-6CE828A8F506}.Debug|Any CPU.Build.0 = Debug|Any CPU
		{7EE1709B-2AF1-4C91-923A-6CE828A8F506}.Release|Any CPU.ActiveCfg = Release|Any CPU
		{7EE1709B-2AF1-4C91-923A-6CE828A8F506}.Release|Any CPU.Build.0 = Release|Any CPU
		{00089050-3B4A-40FC-95BA-0C420270CDF9}.Debug|Any CPU.ActiveCfg = Debug|Any CPU
		{00089050-3B4A-40FC-95BA-0C420270CDF9}.Debug|Any CPU.Build.0 = Debug|Any CPU
		{00089050-3B4A-40FC-95BA-0C420270CDF9}.Release|Any CPU.ActiveCfg = Release|Any CPU
		{00089050-3B4A-40FC-95BA-0C420270CDF9}.Release|Any CPU.Build.0 = Release|Any CPU
	EndGlobalSection
	GlobalSection(SolutionProperties) = preSolution
		HideSolutionNode = FALSE
	EndGlobalSection
	GlobalSection(ExtensibilityGlobals) = postSolution
		SolutionGuid = {83727B5C-6996-4012-BA2D-30592ED73707}
	EndGlobalSection
EndGlobal
